
Microsoft Visual Studio Solution File, Format Version 12.00
# Visual Studio Version 16
VisualStudioVersion = 16.0.29001.49
MinimumVisualStudioVersion = 10.0.40219.1
Project("{FAE04EC0-301F-11D3-BF4B-00C04F79EFBC}") = "Multipage", "Multipage\Multipage.csproj", "{63AE71D7-4991-43F8-BB11-1F1D05BB14D5}"
EndProject
Global
	GlobalSection(SolutionConfigurationPlatforms) = preSolution
		Debug|Any CPU = Debug|Any CPU
		Release|Any CPU = Release|Any CPU
	EndGlobalSection
	GlobalSection(ProjectConfigurationPlatforms) = postSolution
		{63AE71D7-4991-43F8-BB11-1F1D05BB14D5}.Debug|Any CPU.ActiveCfg = Debug|Any CPU
		{63AE71D7-4991-43F8-BB11-1F1D05BB14D5}.Debug|Any CPU.Build.0 = Debug|Any CPU
		{63AE71D7-4991-43F8-BB11-1F1D05BB14D5}.Release|Any CPU.ActiveCfg = Release|Any CPU
		{63AE71D7-4991-43F8-BB11-1F1D05BB14D5}.Release|Any CPU.Build.0 = Release|Any CPU
	EndGlobalSection
	GlobalSection(SolutionProperties) = preSolution
		HideSolutionNode = FALSE
	EndGlobalSection
	GlobalSection(ExtensibilityGlobals) = postSolution
		SolutionGuid = {DA95E86E-B8DD-4AB5-BC58-115891450833}
	EndGlobalSection
EndGlobal
